
Microsoft Visual Studio Solution File, Format Version 12.00
# Visual Studio for Mac
Project("{FAE04EC0-301F-11D3-BF4B-00C04F79EFBC}") = "Assembly-CSharp", "Assembly-CSharp.csproj", "{852CB059-B4B4-AB46-990E-B0F744E15C68}"
EndProject
Project("{FAE04EC0-301F-11D3-BF4B-00C04F79EFBC}") = "Assembly-CSharp-Editor", "Assembly-CSharp-Editor.csproj", "{D95366E9-BA67-B8EA-E1F9-F6673564E615}"
EndProject
Global
	GlobalSection(SolutionConfigurationPlatforms) = preSolution
		Debug|Any CPU = Debug|Any CPU
		Release|Any CPU = Release|Any CPU
	EndGlobalSection
	GlobalSection(ProjectConfigurationPlatforms) = postSolution
		{852CB059-B4B4-AB46-990E-B0F744E15C68}.Debug|Any CPU.ActiveCfg = Debug|Any CPU
		{852CB059-B4B4-AB46-990E-B0F744E15C68}.Debug|Any CPU.Build.0 = Debug|Any CPU
		{852CB059-B4B4-AB46-990E-B0F744E15C68}.Release|Any CPU.ActiveCfg = Release|Any CPU
		{852CB059-B4B4-AB46-990E-B0F744E15C68}.Release|Any CPU.Build.0 = Release|Any CPU
		{D95366E9-BA67-B8EA-E1F9-F6673564E615}.Debug|Any CPU.ActiveCfg = Debug|Any CPU
		{D95366E9-BA67-B8EA-E1F9-F6673564E615}.Debug|Any CPU.Build.0 = Debug|Any CPU
		{D95366E9-BA67-B8EA-E1F9-F6673564E615}.Release|Any CPU.ActiveCfg = Release|Any CPU
		{D95366E9-BA67-B8EA-E1F9-F6673564E615}.Release|Any CPU.Build.0 = Release|Any CPU
	EndGlobalSection
	GlobalSection(SolutionProperties) = preSolution
		HideSolutionNode = FALSE
	EndGlobalSection
EndGlobal
